// !$*UTF8*$!
{
	archiveVersion = 1;
	classes = {
	};
	objectVersion = 48;
	objects = {

/* Begin PBXBuildFile section */
		490A529C1F6B859A00D4083E /* FontAwesome.otf in Resources */ = {isa = PBXBuildFile; fileRef = 490A529B1F6B859A00D4083E /* FontAwesome.otf */; };
		490A52A41F6C20DA00D4083E /* GirdLayout.swift in Sources */ = {isa = PBXBuildFile; fileRef = 490A52A31F6C20DA00D4083E /* GirdLayout.swift */; };
		490A52B31F6C7AC700D4083E /* MoviesTableViewDataSource.swift in Sources */ = {isa = PBXBuildFile; fileRef = 490A52B21F6C7AC700D4083E /* MoviesTableViewDataSource.swift */; };
		4910B4DC1F6B1828005A64F7 /* Main.storyboard in Resources */ = {isa = PBXBuildFile; fileRef = 4910B4DB1F6B1828005A64F7 /* Main.storyboard */; };
		4910B4DE1F6B2029005A64F7 /* LaunchScreen.storyboard in Resources */ = {isa = PBXBuildFile; fileRef = 4910B4DD1F6B2029005A64F7 /* LaunchScreen.storyboard */; };
		4910B4E01F6B4220005A64F7 /* Movie.swift in Sources */ = {isa = PBXBuildFile; fileRef = 4910B4DF1F6B4220005A64F7 /* Movie.swift */; };
		4910B4E21F6B4316005A64F7 /* TheMovieDBApi.swift in Sources */ = {isa = PBXBuildFile; fileRef = 4910B4E11F6B4316005A64F7 /* TheMovieDBApi.swift */; };
		49CDC17E1F6C7C15007907D8 /* MoviesCollectionViewDataSource.swift in Sources */ = {isa = PBXBuildFile; fileRef = 49CDC17D1F6C7C15007907D8 /* MoviesCollectionViewDataSource.swift */; };
		49DEEC9E1F69B501005F783C /* AppDelegate.swift in Sources */ = {isa = PBXBuildFile; fileRef = 49DEEC9D1F69B501005F783C /* AppDelegate.swift */; };
		49DEECA01F69B501005F783C /* MoviesViewController.swift in Sources */ = {isa = PBXBuildFile; fileRef = 49DEEC9F1F69B501005F783C /* MoviesViewController.swift */; };
		49DEECA51F69B501005F783C /* Assets.xcassets in Resources */ = {isa = PBXBuildFile; fileRef = 49DEECA41F69B501005F783C /* Assets.xcassets */; };
		49DEECB11F69BFCA005F783C /* MovieCell.swift in Sources */ = {isa = PBXBuildFile; fileRef = 49DEECB01F69BFCA005F783C /* MovieCell.swift */; };
		49DEECB51F69CD8D005F783C /* MovieDetailViewController.swift in Sources */ = {isa = PBXBuildFile; fileRef = 49DEECB41F69CD8D005F783C /* MovieDetailViewController.swift */; };
		7E95D3B113DD3A9C6FBF8CBE /* Pods_Flicks.framework in Frameworks */ = {isa = PBXBuildFile; fileRef = A8E5A87774AF17CDFA0A565B /* Pods_Flicks.framework */; };
/* End PBXBuildFile section */

/* Begin PBXFileReference section */
		490A529B1F6B859A00D4083E /* FontAwesome.otf */ = {isa = PBXFileReference; lastKnownFileType = file; path = FontAwesome.otf; sourceTree = "<group>"; };
		490A52A31F6C20DA00D4083E /* GirdLayout.swift */ = {isa = PBXFileReference; fileEncoding = 4; lastKnownFileType = sourcecode.swift; path = GirdLayout.swift; sourceTree = "<group>"; };
		490A52B21F6C7AC700D4083E /* MoviesTableViewDataSource.swift */ = {isa = PBXFileReference; fileEncoding = 4; lastKnownFileType = sourcecode.swift; name = MoviesTableViewDataSource.swift; path = Controllers/MoviesTableViewDataSource.swift; sourceTree = "<group>"; };
		4910B4DB1F6B1828005A64F7 /* Main.storyboard */ = {isa = PBXFileReference; fileEncoding = 4; lastKnownFileType = file.storyboard; path = Main.storyboard; sourceTree = "<group>"; };
		4910B4DD1F6B2029005A64F7 /* LaunchScreen.storyboard */ = {isa = PBXFileReference; fileEncoding = 4; lastKnownFileType = file.storyboard; name = LaunchScreen.storyboard; path = ../LaunchScreen.storyboard; sourceTree = "<group>"; };
		4910B4DF1F6B4220005A64F7 /* Movie.swift */ = {isa = PBXFileReference; fileEncoding = 4; lastKnownFileType = sourcecode.swift; name = Movie.swift; path = Controllers/Movie.swift; sourceTree = "<group>"; };
		4910B4E11F6B4316005A64F7 /* TheMovieDBApi.swift */ = {isa = PBXFileReference; fileEncoding = 4; lastKnownFileType = sourcecode.swift; name = TheMovieDBApi.swift; path = Controllers/TheMovieDBApi.swift; sourceTree = "<group>"; };
		49CDC17D1F6C7C15007907D8 /* MoviesCollectionViewDataSource.swift */ = {isa = PBXFileReference; fileEncoding = 4; lastKnownFileType = sourcecode.swift; path = MoviesCollectionViewDataSource.swift; sourceTree = "<group>"; };
		49DEEC9A1F69B501005F783C /* Flicks.app */ = {isa = PBXFileReference; explicitFileType = wrapper.application; includeInIndex = 0; path = Flicks.app; sourceTree = BUILT_PRODUCTS_DIR; };
		49DEEC9D1F69B501005F783C /* AppDelegate.swift */ = {isa = PBXFileReference; lastKnownFileType = sourcecode.swift; path = AppDelegate.swift; sourceTree = "<group>"; };
		49DEEC9F1F69B501005F783C /* MoviesViewController.swift */ = {isa = PBXFileReference; lastKnownFileType = sourcecode.swift; path = MoviesViewController.swift; sourceTree = "<group>"; };
		49DEECA41F69B501005F783C /* Assets.xcassets */ = {isa = PBXFileReference; lastKnownFileType = folder.assetcatalog; path = Assets.xcassets; sourceTree = "<group>"; };
		49DEECA91F69B502005F783C /* Info.plist */ = {isa = PBXFileReference; lastKnownFileType = text.plist.xml; path = Info.plist; sourceTree = "<group>"; };
		49DEECAF1F69B5CA005F783C /* .gitignore */ = {isa = PBXFileReference; lastKnownFileType = text; path = .gitignore; sourceTree = SOURCE_ROOT; };
		49DEECB01F69BFCA005F783C /* MovieCell.swift */ = {isa = PBXFileReference; lastKnownFileType = sourcecode.swift; path = MovieCell.swift; sourceTree = "<group>"; };
		49DEECB41F69CD8D005F783C /* MovieDetailViewController.swift */ = {isa = PBXFileReference; lastKnownFileType = sourcecode.swift; path = MovieDetailViewController.swift; sourceTree = "<group>"; };
		4E594074F93C91D36393A77C /* Pods-Flicks.debug.xcconfig */ = {isa = PBXFileReference; includeInIndex = 1; lastKnownFileType = text.xcconfig; name = "Pods-Flicks.debug.xcconfig"; path = "Pods/Target Support Files/Pods-Flicks/Pods-Flicks.debug.xcconfig"; sourceTree = "<group>"; };
		A8E5A87774AF17CDFA0A565B /* Pods_Flicks.framework */ = {isa = PBXFileReference; explicitFileType = wrapper.framework; includeInIndex = 0; path = Pods_Flicks.framework; sourceTree = BUILT_PRODUCTS_DIR; };
		C2ADCDDD67C5DA620DF48642 /* Pods-Flicks.release.xcconfig */ = {isa = PBXFileReference; includeInIndex = 1; lastKnownFileType = text.xcconfig; name = "Pods-Flicks.release.xcconfig"; path = "Pods/Target Support Files/Pods-Flicks/Pods-Flicks.release.xcconfig"; sourceTree = "<group>"; };
/* End PBXFileReference section */

/* Begin PBXFrameworksBuildPhase section */
		49DEEC971F69B501005F783C /* Frameworks */ = {
			isa = PBXFrameworksBuildPhase;
			buildActionMask = 2147483647;
			files = (
				7E95D3B113DD3A9C6FBF8CBE /* Pods_Flicks.framework in Frameworks */,
			);
			runOnlyForDeploymentPostprocessing = 0;
		};
/* End PBXFrameworksBuildPhase section */

/* Begin PBXGroup section */
		04B405C6CC25323C2C577D3B /* Pods */ = {
			isa = PBXGroup;
			children = (
				4E594074F93C91D36393A77C /* Pods-Flicks.debug.xcconfig */,
				C2ADCDDD67C5DA620DF48642 /* Pods-Flicks.release.xcconfig */,
			);
			name = Pods;
			sourceTree = "<group>";
		};
		490A529D1F6B859B00D4083E /* Fonts */ = {
			isa = PBXGroup;
			children = (
				490A529B1F6B859A00D4083E /* FontAwesome.otf */,
			);
			name = Fonts;
			sourceTree = "<group>";
		};
		490A529E1F6B85A500D4083E /* Assets */ = {
			isa = PBXGroup;
			children = (
				49DEECA41F69B501005F783C /* Assets.xcassets */,
				490A529D1F6B859B00D4083E /* Fonts */,
			);
			name = Assets;
			sourceTree = "<group>";
		};
		490A52B41F6C7ACD00D4083E /* View Model */ = {
			isa = PBXGroup;
			children = (
				490A52B21F6C7AC700D4083E /* MoviesTableViewDataSource.swift */,
				49CDC17D1F6C7C15007907D8 /* MoviesCollectionViewDataSource.swift */,
			);
			name = "View Model";
			sourceTree = "<group>";
		};
		4910B4E31F6B4325005A64F7 /* Models */ = {
			isa = PBXGroup;
			children = (
				4910B4DF1F6B4220005A64F7 /* Movie.swift */,
			);
			name = Models;
			sourceTree = "<group>";
		};
		4910B4E51F6B4529005A64F7 /* API */ = {
			isa = PBXGroup;
			children = (
				4910B4E11F6B4316005A64F7 /* TheMovieDBApi.swift */,
			);
			name = API;
			sourceTree = "<group>";
		};
		49DEEC911F69B500005F783C = {
			isa = PBXGroup;
			children = (
				49DEECAF1F69B5CA005F783C /* .gitignore */,
				49DEEC9C1F69B501005F783C /* Flicks */,
				49DEEC9B1F69B501005F783C /* Products */,
				04B405C6CC25323C2C577D3B /* Pods */,
				AB3F85F1EDED257A8BB6E803 /* Frameworks */,
			);
			sourceTree = "<group>";
		};
		49DEEC9B1F69B501005F783C /* Products */ = {
			isa = PBXGroup;
			children = (
				49DEEC9A1F69B501005F783C /* Flicks.app */,
			);
			name = Products;
			sourceTree = "<group>";
		};
		49DEEC9C1F69B501005F783C /* Flicks */ = {
			isa = PBXGroup;
			children = (
				49DEEC9D1F69B501005F783C /* AppDelegate.swift */,
				4910B4E51F6B4529005A64F7 /* API */,
				4910B4E31F6B4325005A64F7 /* Models */,
				490A52B41F6C7ACD00D4083E /* View Model */,
				49DEECB31F69BFD8005F783C /* Controllers */,
				49DEECB21F69BFCC005F783C /* Views */,
				490A529E1F6B85A500D4083E /* Assets */,
				49DEECA91F69B502005F783C /* Info.plist */,
			);
			path = Flicks;
			sourceTree = "<group>";
		};
		49DEECB21F69BFCC005F783C /* Views */ = {
			isa = PBXGroup;
			children = (
				4910B4DB1F6B1828005A64F7 /* Main.storyboard */,
				4910B4DD1F6B2029005A64F7 /* LaunchScreen.storyboard */,
				49DEECB01F69BFCA005F783C /* MovieCell.swift */,
				490A52A31F6C20DA00D4083E /* GirdLayout.swift */,
			);
			path = Views;
			sourceTree = "<group>";
		};
		49DEECB31F69BFD8005F783C /* Controllers */ = {
			isa = PBXGroup;
			children = (
				49DEEC9F1F69B501005F783C /* MoviesViewController.swift */,
				49DEECB41F69CD8D005F783C /* MovieDetailViewController.swift */,
			);
			path = Controllers;
			sourceTree = "<group>";
		};
		AB3F85F1EDED257A8BB6E803 /* Frameworks */ = {
			isa = PBXGroup;
			children = (
				A8E5A87774AF17CDFA0A565B /* Pods_Flicks.framework */,
			);
			name = Frameworks;
			sourceTree = "<group>";
		};
/* End PBXGroup section */

/* Begin PBXNativeTarget section */
		49DEEC991F69B501005F783C /* Flicks */ = {
			isa = PBXNativeTarget;
			buildConfigurationList = 49DEECAC1F69B502005F783C /* Build configuration list for PBXNativeTarget "Flicks" */;
			buildPhases = (
				51ACD45D35BF6A294D3EB2F9 /* [CP] Check Pods Manifest.lock */,
				49DEEC961F69B501005F783C /* Sources */,
				49DEEC971F69B501005F783C /* Frameworks */,
				49DEEC981F69B501005F783C /* Resources */,
				10C6814D0583A203215A74B8 /* [CP] Embed Pods Frameworks */,
				4A4B34F7F61060ACA5458E51 /* [CP] Copy Pods Resources */,
			);
			buildRules = (
			);
			dependencies = (
			);
			name = Flicks;
			productName = Flicks;
			productReference = 49DEEC9A1F69B501005F783C /* Flicks.app */;
			productType = "com.apple.product-type.application";
		};
/* End PBXNativeTarget section */

/* Begin PBXProject section */
		49DEEC921F69B501005F783C /* Project object */ = {
			isa = PBXProject;
			attributes = {
				LastSwiftUpdateCheck = 0900;
				LastUpgradeCheck = 0900;
				ORGANIZATIONNAME = com.AliMir;
				TargetAttributes = {
					49DEEC991F69B501005F783C = {
						CreatedOnToolsVersion = 9.0;
						ProvisioningStyle = Automatic;
					};
				};
			};
			buildConfigurationList = 49DEEC951F69B501005F783C /* Build configuration list for PBXProject "Flicks" */;
			compatibilityVersion = "Xcode 8.0";
			developmentRegion = en;
			hasScannedForEncodings = 0;
			knownRegions = (
				en,
				Base,
			);
			mainGroup = 49DEEC911F69B500005F783C;
			productRefGroup = 49DEEC9B1F69B501005F783C /* Products */;
			projectDirPath = "";
			projectRoot = "";
			targets = (
				49DEEC991F69B501005F783C /* Flicks */,
			);
		};
/* End PBXProject section */

/* Begin PBXResourcesBuildPhase section */
		49DEEC981F69B501005F783C /* Resources */ = {
			isa = PBXResourcesBuildPhase;
			buildActionMask = 2147483647;
			files = (
				4910B4DE1F6B2029005A64F7 /* LaunchScreen.storyboard in Resources */,
				4910B4DC1F6B1828005A64F7 /* Main.storyboard in Resources */,
				490A529C1F6B859A00D4083E /* FontAwesome.otf in Resources */,
				49DEECA51F69B501005F783C /* Assets.xcassets in Resources */,
			);
			runOnlyForDeploymentPostprocessing = 0;
		};
/* End PBXResourcesBuildPhase section */

/* Begin PBXShellScriptBuildPhase section */
		10C6814D0583A203215A74B8 /* [CP] Embed Pods Frameworks */ = {
			isa = PBXShellScriptBuildPhase;
			buildActionMask = 2147483647;
			files = (
			);
			inputPaths = (
			);
			name = "[CP] Embed Pods Frameworks";
			outputPaths = (
			);
			runOnlyForDeploymentPostprocessing = 0;
			shellPath = /bin/sh;
			shellScript = "\"${SRCROOT}/Pods/Target Support Files/Pods-Flicks/Pods-Flicks-frameworks.sh\"\n";
			showEnvVarsInLog = 0;
		};
		4A4B34F7F61060ACA5458E51 /* [CP] Copy Pods Resources */ = {
			isa = PBXShellScriptBuildPhase;
			buildActionMask = 2147483647;
			files = (
			);
			inputPaths = (
			);
			name = "[CP] Copy Pods Resources";
			outputPaths = (
			);
			runOnlyForDeploymentPostprocessing = 0;
			shellPath = /bin/sh;
			shellScript = "\"${SRCROOT}/Pods/Target Support Files/Pods-Flicks/Pods-Flicks-resources.sh\"\n";
			showEnvVarsInLog = 0;
		};
		51ACD45D35BF6A294D3EB2F9 /* [CP] Check Pods Manifest.lock */ = {
			isa = PBXShellScriptBuildPhase;
			buildActionMask = 2147483647;
			files = (
			);
			inputPaths = (
			);
			name = "[CP] Check Pods Manifest.lock";
			outputPaths = (
			);
			runOnlyForDeploymentPostprocessing = 0;
			shellPath = /bin/sh;
			shellScript = "diff \"${PODS_ROOT}/../Podfile.lock\" \"${PODS_ROOT}/Manifest.lock\" > /dev/null\nif [ $? != 0 ] ; then\n    # print error to STDERR\n    echo \"error: The sandbox is not in sync with the Podfile.lock. Run 'pod install' or update your CocoaPods installation.\" >&2\n    exit 1\nfi\n";
			showEnvVarsInLog = 0;
		};
/* End PBXShellScriptBuildPhase section */

/* Begin PBXSourcesBuildPhase section */
		49DEEC961F69B501005F783C /* Sources */ = {
			isa = PBXSourcesBuildPhase;
			buildActionMask = 2147483647;
			files = (
				49CDC17E1F6C7C15007907D8 /* MoviesCollectionViewDataSource.swift in Sources */,
				490A52A41F6C20DA00D4083E /* GirdLayout.swift in Sources */,
				49DEECB51F69CD8D005F783C /* MovieDetailViewController.swift in Sources */,
				49DEECA01F69B501005F783C /* MoviesViewController.swift in Sources */,
				490A52B31F6C7AC700D4083E /* MoviesTableViewDataSource.swift in Sources */,
				49DEEC9E1F69B501005F783C /* AppDelegate.swift in Sources */,
				49DEECB11F69BFCA005F783C /* MovieCell.swift in Sources */,
				4910B4E01F6B4220005A64F7 /* Movie.swift in Sources */,
				4910B4E21F6B4316005A64F7 /* TheMovieDBApi.swift in Sources */,
			);
			runOnlyForDeploymentPostprocessing = 0;
		};
/* End PBXSourcesBuildPhase section */

/* Begin XCBuildConfiguration section */
		49DEECAA1F69B502005F783C /* Debug */ = {
			isa = XCBuildConfiguration;
			buildSettings = {
				ALWAYS_SEARCH_USER_PATHS = NO;
				CLANG_ANALYZER_NONNULL = YES;
				CLANG_ANALYZER_NUMBER_OBJECT_CONVERSION = YES_AGGRESSIVE;
				CLANG_CXX_LANGUAGE_STANDARD = "gnu++14";
				CLANG_CXX_LIBRARY = "libc++";
				CLANG_ENABLE_MODULES = YES;
				CLANG_ENABLE_OBJC_ARC = YES;
				CLANG_WARN_BLOCK_CAPTURE_AUTORELEASING = YES;
				CLANG_WARN_BOOL_CONVERSION = YES;
				CLANG_WARN_COMMA = YES;
				CLANG_WARN_CONSTANT_CONVERSION = YES;
				CLANG_WARN_DIRECT_OBJC_ISA_USAGE = YES_ERROR;
				CLANG_WARN_DOCUMENTATION_COMMENTS = YES;
				CLANG_WARN_EMPTY_BODY = YES;
				CLANG_WARN_ENUM_CONVERSION = YES;
				CLANG_WARN_INFINITE_RECURSION = YES;
				CLANG_WARN_INT_CONVERSION = YES;
				CLANG_WARN_NON_LITERAL_NULL_CONVERSION = YES;
				CLANG_WARN_OBJC_LITERAL_CONVERSION = YES;
				CLANG_WARN_OBJC_ROOT_CLASS = YES_ERROR;
				CLANG_WARN_RANGE_LOOP_ANALYSIS = YES;
				CLANG_WARN_STRICT_PROTOTYPES = YES;
				CLANG_WARN_SUSPICIOUS_MOVE = YES;
				CLANG_WARN_UNGUARDED_AVAILABILITY = YES_AGGRESSIVE;
				CLANG_WARN_UNREACHABLE_CODE = YES;
				CLANG_WARN__DUPLICATE_METHOD_MATCH = YES;
				CODE_SIGN_IDENTITY = "iPhone Developer";
				COPY_PHASE_STRIP = NO;
				DEBUG_INFORMATION_FORMAT = dwarf;
				ENABLE_STRICT_OBJC_MSGSEND = YES;
				ENABLE_TESTABILITY = YES;
				GCC_C_LANGUAGE_STANDARD = gnu11;
				GCC_DYNAMIC_NO_PIC = NO;
				GCC_NO_COMMON_BLOCKS = YES;
				GCC_OPTIMIZATION_LEVEL = 0;
				GCC_PREPROCESSOR_DEFINITIONS = (
					"DEBUG=1",
					"$(inherited)",
				);
				GCC_WARN_64_TO_32_BIT_CONVERSION = YES;
				GCC_WARN_ABOUT_RETURN_TYPE = YES_ERROR;
				GCC_WARN_UNDECLARED_SELECTOR = YES;
				GCC_WARN_UNINITIALIZED_AUTOS = YES_AGGRESSIVE;
				GCC_WARN_UNUSED_FUNCTION = YES;
				GCC_WARN_UNUSED_VARIABLE = YES;
				IPHONEOS_DEPLOYMENT_TARGET = 11.0;
				MTL_ENABLE_DEBUG_INFO = YES;
				ONLY_ACTIVE_ARCH = YES;
				SDKROOT = iphoneos;
				SWIFT_ACTIVE_COMPILATION_CONDITIONS = DEBUG;
				SWIFT_OPTIMIZATION_LEVEL = "-Onone";
			};
			name = Debug;
		};
		49DEECAB1F69B502005F783C /* Release */ = {
			isa = XCBuildConfiguration;
			buildSettings = {
				ALWAYS_SEARCH_USER_PATHS = NO;
				CLANG_ANALYZER_NONNULL = YES;
				CLANG_ANALYZER_NUMBER_OBJECT_CONVERSION = YES_AGGRESSIVE;
				CLANG_CXX_LANGUAGE_STANDARD = "gnu++14";
				CLANG_CXX_LIBRARY = "libc++";
				CLANG_ENABLE_MODULES = YES;
				CLANG_ENABLE_OBJC_ARC = YES;
				CLANG_WARN_BLOCK_CAPTURE_AUTORELEASING = YES;
				CLANG_WARN_BOOL_CONVERSION = YES;
				CLANG_WARN_COMMA = YES;
				CLANG_WARN_CONSTANT_CONVERSION = YES;
				CLANG_WARN_DIRECT_OBJC_ISA_USAGE = YES_ERROR;
				CLANG_WARN_DOCUMENTATION_COMMENTS = YES;
				CLANG_WARN_EMPTY_BODY = YES;
				CLANG_WARN_ENUM_CONVERSION = YES;
				CLANG_WARN_INFINITE_RECURSION = YES;
				CLANG_WARN_INT_CONVERSION = YES;
				CLANG_WARN_NON_LITERAL_NULL_CONVERSION = YES;
				CLANG_WARN_OBJC_LITERAL_CONVERSION = YES;
				CLANG_WARN_OBJC_ROOT_CLASS = YES_ERROR;
				CLANG_WARN_RANGE_LOOP_ANALYSIS = YES;
				CLANG_WARN_STRICT_PROTOTYPES = YES;
				CLANG_WARN_SUSPICIOUS_MOVE = YES;
				CLANG_WARN_UNGUARDED_AVAILABILITY = YES_AGGRESSIVE;
				CLANG_WARN_UNREACHABLE_CODE = YES;
				CLANG_WARN__DUPLICATE_METHOD_MATCH = YES;
				CODE_SIGN_IDENTITY = "iPhone Developer";
				COPY_PHASE_STRIP = NO;
				DEBUG_INFORMATION_FORMAT = "dwarf-with-dsym";
				ENABLE_NS_ASSERTIONS = NO;
				ENABLE_STRICT_OBJC_MSGSEND = YES;
				GCC_C_LANGUAGE_STANDARD = gnu11;
				GCC_NO_COMMON_BLOCKS = YES;
				GCC_WARN_64_TO_32_BIT_CONVERSION = YES;
				GCC_WARN_ABOUT_RETURN_TYPE = YES_ERROR;
				GCC_WARN_UNDECLARED_SELECTOR = YES;
				GCC_WARN_UNINITIALIZED_AUTOS = YES_AGGRESSIVE;
				GCC_WARN_UNUSED_FUNCTION = YES;
				GCC_WARN_UNUSED_VARIABLE = YES;
				IPHONEOS_DEPLOYMENT_TARGET = 11.0;
				MTL_ENABLE_DEBUG_INFO = NO;
				SDKROOT = iphoneos;
				SWIFT_OPTIMIZATION_LEVEL = "-Owholemodule";
				VALIDATE_PRODUCT = YES;
			};
			name = Release;
		};
		49DEECAD1F69B502005F783C /* Debug */ = {
			isa = XCBuildConfiguration;
			baseConfigurationReference = 4E594074F93C91D36393A77C /* Pods-Flicks.debug.xcconfig */;
			buildSettings = {
				ASSETCATALOG_COMPILER_APPICON_NAME = AppIcon;
				CODE_SIGN_STYLE = Automatic;
				DEVELOPMENT_TEAM = 396S2E45WK;
				INFOPLIST_FILE = Flicks/Info.plist;
				IPHONEOS_DEPLOYMENT_TARGET = 10.3;
				LD_RUNPATH_SEARCH_PATHS = "$(inherited) @executable_path/Frameworks";
				PRODUCT_BUNDLE_IDENTIFIER = com.Flicks;
				PRODUCT_NAME = "$(TARGET_NAME)";
				SWIFT_VERSION = 3.0;
				TARGETED_DEVICE_FAMILY = "1,2";
			};
			name = Debug;
		};
		49DEECAE1F69B502005F783C /* Release */ = {
			isa = XCBuildConfiguration;
			baseConfigurationReference = C2ADCDDD67C5DA620DF48642 /* Pods-Flicks.release.xcconfig */;
			buildSettings = {
				ASSETCATALOG_COMPILER_APPICON_NAME = AppIcon;
				CODE_SIGN_STYLE = Automatic;
				DEVELOPMENT_TEAM = 396S2E45WK;
				INFOPLIST_FILE = Flicks/Info.plist;
				IPHONEOS_DEPLOYMENT_TARGET = 10.3;
				LD_RUNPATH_SEARCH_PATHS = "$(inherited) @executable_path/Frameworks";
				PRODUCT_BUNDLE_IDENTIFIER = com.Flicks;
				PRODUCT_NAME = "$(TARGET_NAME)";
				SWIFT_VERSION = 3.0;
				TARGETED_DEVICE_FAMILY = "1,2";
			};
			name = Release;
		};
/* End XCBuildConfiguration section */

/* Begin XCConfigurationList section */
		49DEEC951F69B501005F783C /* Build configuration list for PBXProject "Flicks" */ = {
			isa = XCConfigurationList;
			buildConfigurations = (
				49DEECAA1F69B502005F783C /* Debug */,
				49DEECAB1F69B502005F783C /* Release */,
			);
			defaultConfigurationIsVisible = 0;
			defaultConfigurationName = Release;
		};
		49DEECAC1F69B502005F783C /* Build configuration list for PBXNativeTarget "Flicks" */ = {
			isa = XCConfigurationList;
			buildConfigurations = (
				49DEECAD1F69B502005F783C /* Debug */,
				49DEECAE1F69B502005F783C /* Release */,
			);
			defaultConfigurationIsVisible = 0;
			defaultConfigurationName = Release;
		};
/* End XCConfigurationList section */
	};
	rootObject = 49DEEC921F69B501005F783C /* Project object */;
}
